
Microsoft Visual Studio Solution File, Format Version 12.00
# Visual Studio 15
VisualStudioVersion = 15.0.27130.2010
MinimumVisualStudioVersion = 10.0.40219.1
Project("{FAE04EC0-301F-11D3-BF4B-00C04F79EFBC}") = "MemoizationSample", "MemoizationSample\MemoizationSample.csproj", "{8D4FE394-471D-4A05-91DF-B6DD4F7AA9FB}"
EndProject
Global
	GlobalSection(SolutionConfigurationPlatforms) = preSolution
		Debug|Any CPU = Debug|Any CPU
		Release|Any CPU = Release|Any CPU
	EndGlobalSection
	GlobalSection(ProjectConfigurationPlatforms) = postSolution
		{8D4FE394-471D-4A05-91DF-B6DD4F7AA9FB}.Debug|Any CPU.ActiveCfg = Debug|Any CPU
		{8D4FE394-471D-4A05-91DF-B6DD4F7AA9FB}.Debug|Any CPU.Build.0 = Debug|Any CPU
		{8D4FE394-471D-4A05-91DF-B6DD4F7AA9FB}.Release|Any CPU.ActiveCfg = Release|Any CPU
		{8D4FE394-471D-4A05-91DF-B6DD4F7AA9FB}.Release|Any CPU.Build.0 = Release|Any CPU
	EndGlobalSection
	GlobalSection(SolutionProperties) = preSolution
		HideSolutionNode = FALSE
	EndGlobalSection
	GlobalSection(ExtensibilityGlobals) = postSolution
		SolutionGuid = {8EE21462-A57B-4433-8652-2B38F91D25F0}
	EndGlobalSection
EndGlobal
